lockfileVersion: '6.1'

settings:
  autoInstallPeers: true
  excludeLinksFromLockfile: false

dependencies:
  '@babel/parser':
    specifier: ^7.21.4
    version: 7.21.4
  camelcase:
    specifier: ^7.0.0
    version: 7.0.0
  character-parser:
    specifier: ^4.0.0
    version: 4.0.0
  fs-extra:
    specifier: ^10.1.0
    version: 10.1.0
  is-expression:
    specifier: ^4.0.0
    version: 4.0.0
  lodash-es:
    specifier: ^4.17.21
    version: 4.17.21
  prettier:
    specifier: ^2.8.7
    version: 2.8.7
  pug-error:
    specifier: ^2.0.0
    version: 2.0.0
  pug-lexer:
    specifier: ^5.0.1
    version: 5.0.1
  pug-load:
    specifier: ^3.0.0
    version: 3.0.0
  pug-parser:
    specifier: ^6.0.0
    version: 6.0.0
  token-stream:
    specifier: ^1.0.0
    version: 1.0.0

packages:

  /@babel/helper-string-parser@7.19.4:
    resolution: {integrity: sha512-nHtDoQcuqFmwYNYPz3Rah5ph2p8PFeFCsZk9A/48dPc/rGocJ5J3hAAZ7pb76VWX3fZKu+uEr/FhH5jLx7umrw==}
    engines: {node: '>=6.9.0'}
    dev: false

  /@babel/helper-validator-identifier@7.19.1:
    resolution: {integrity: sha512-awrNfaMtnHUr653GgGEs++LlAvW6w+DcPrOliSMXWCKo597CwL5Acf/wWdNkf/tfEQE3mjkeD1YOVZOUV/od1w==}
    engines: {node: '>=6.9.0'}
    dev: false

  /@babel/parser@7.21.4:
    resolution: {integrity: sha512-alVJj7k7zIxqBZ7BTRhz0IqJFxW1VJbm6N8JbcYhQ186df9ZBPbZBmWSqAMXwHGsCJdYks7z/voa3ibiS5bCIw==}
    engines: {node: '>=6.0.0'}
    dependencies:
      '@babel/types': 7.21.3
    dev: false

  /@babel/types@7.21.3:
    resolution: {integrity: sha512-sBGdETxC+/M4o/zKC0sl6sjWv62WFR/uzxrJ6uYyMLZOUlPnwzw0tKgVHOXxaAd5l2g8pEDM5RZ495GPQI77kg==}
    engines: {node: '>=6.9.0'}
    dependencies:
      '@babel/helper-string-parser': 7.19.4
      '@babel/helper-validator-identifier': 7.19.1
      to-fast-properties: 2.0.0
    dev: false

  /acorn@7.4.1:
    resolution: {integrity: sha512-nQyp0o1/mNdbTO1PO6kHkwSrmgZ0MT/jCCpNiwbUjGoRN4dlBhqJtoQuCnEOKzgTVwg0ZWiCoQy6SxMebQVh8A==}
    engines: {node: '>=0.4.0'}
    dev: false

  /call-bind@1.0.2:
    resolution: {integrity: sha512-7O+FbCihrB5WGbFYesctwmTKae6rOiIzmz1icreWJ+0aA7LJfuqhEso2T9ncpcFtzMQtzXf2QGGueWJGTYsqrA==}
    dependencies:
      function-bind: 1.1.1
      get-intrinsic: 1.1.3
    dev: false

  /camelcase@7.0.0:
    resolution: {integrity: sha512-JToIvOmz6nhGsUhAYScbo2d6Py5wojjNfoxoc2mEVLUdJ70gJK2gnd+ABY1Tc3sVMyK7QDPtN0T/XdlCQWITyQ==}
    engines: {node: '>=14.16'}
    dev: false

  /character-parser@2.2.0:
    resolution: {integrity: sha512-+UqJQjFEFaTAs3bNsF2j2kEN1baG/zghZbdqoYEDxGZtJo9LBzl1A+m0D4n3qKx8N2FNv8/Xp6yV9mQmBuptaw==}
    dependencies:
      is-regex: 1.1.4
    dev: false

  /character-parser@4.0.0:
    resolution: {integrity: sha512-jWburCrDpd+aPopB7esjh/gLyZoHZS4C2xwwJlkTPyhhJdXG+FCG0P4qCOInvOd9yhiuAEJYlZsUMQ0JSK4ykw==}
    dev: false

  /fs-extra@10.1.0:
    resolution: {integrity: sha512-oRXApq54ETRj4eMiFzGnHWGy+zo5raudjuxN0b8H7s/RU2oW0Wvsx9O0ACRN/kRq9E8Vu/ReskGB5o3ji+FzHQ==}
    engines: {node: '>=12'}
    dependencies:
      graceful-fs: 4.2.10
      jsonfile: 6.1.0
      universalify: 2.0.0
    dev: false

  /function-bind@1.1.1:
    resolution: {integrity: sha512-yIovAzMX49sF8Yl58fSCWJ5svSLuaibPxXQJFLmBObTuCr0Mf1KiPopGM9NiFjiYBCbfaa2Fh6breQ6ANVTI0A==}
    dev: false

  /get-intrinsic@1.1.3:
    resolution: {integrity: sha512-QJVz1Tj7MS099PevUG5jvnt9tSkXN8K14dxQlikJuPt4uD9hHAHjLyLBiLR5zELelBdD9QNRAXZzsJx0WaDL9A==}
    dependencies:
      function-bind: 1.1.1
      has: 1.0.3
      has-symbols: 1.0.3
    dev: false

  /graceful-fs@4.2.10:
    resolution: {integrity: sha512-9ByhssR2fPVsNZj478qUUbKfmL0+t5BDVyjShtyZZLiK7ZDAArFFfopyOTj0M05wE2tJPisA4iTnnXl2YoPvOA==}
    dev: false

  /has-symbols@1.0.3:
    resolution: {integrity: sha512-l3LCuF6MgDNwTDKkdYGEihYjt5pRPbEg46rtlmnSPlUbgmB8LOIrKJbYYFBSbnPaJexMKtiPO8hmeRjRz2Td+A==}
    engines: {node: '>= 0.4'}
    dev: false

  /has-tostringtag@1.0.0:
    resolution: {integrity: sha512-kFjcSNhnlGV1kyoGk7OXKSawH5JOb/LzUc5w9B02hOTO0dfFRjbHQKvg1d6cf3HbeUmtU9VbbV3qzZ2Teh97WQ==}
    engines: {node: '>= 0.4'}
    dependencies:
      has-symbols: 1.0.3
    dev: false

  /has@1.0.3:
    resolution: {integrity: sha512-f2dvO0VU6Oej7RkWJGrehjbzMAjFp5/VKPp5tTpWIV4JHHZK1/BxbFRtf/siA2SWTe09caDmVtYYzWEIbBS4zw==}
    engines: {node: '>= 0.4.0'}
    dependencies:
      function-bind: 1.1.1
    dev: false

  /is-expression@4.0.0:
    resolution: {integrity: sha512-zMIXX63sxzG3XrkHkrAPvm/OVZVSCPNkwMHU8oTX7/U3AL78I0QXCEICXUM13BIa8TYGZ68PiTKfQz3yaTNr4A==}
    dependencies:
      acorn: 7.4.1
      object-assign: 4.1.1
    dev: false

  /is-regex@1.1.4:
    resolution: {integrity: sha512-kvRdxDsxZjhzUX07ZnLydzS1TU/TJlTUHHY4YLL87e37oUA49DfkLqgy+VjFocowy29cKvcSiu+kIv728jTTVg==}
    engines: {node: '>= 0.4'}
    dependencies:
      call-bind: 1.0.2
      has-tostringtag: 1.0.0
    dev: false

  /jsonfile@6.1.0:
    resolution: {integrity: sha512-5dgndWOriYSm5cnYaJNhalLNDKOqFwyDB/rr1E9ZsGciGvKPs8R2xYGCacuf3z6K1YKDz182fd+fY3cn3pMqXQ==}
    dependencies:
      universalify: 2.0.0
    optionalDependencies:
      graceful-fs: 4.2.10
    dev: false

  /lodash-es@4.17.21:
    resolution: {integrity: sha512-mKnC+QJ9pWVzv+C4/U3rRsHapFfHvQFoFB92e52xeyGMcX6/OlIl78je1u8vePzYZSkkogMPJ2yjxxsb89cxyw==}
    dev: false

  /object-assign@4.1.1:
    resolution: {integrity: sha512-rJgTQnkUnH1sFw8yT6VSU3zD3sWmu6sZhIseY8VX+GRu3P6F7Fu+JNDoXfklElbLJSnc3FUQHVe4cU5hj+BcUg==}
    engines: {node: '>=0.10.0'}
    dev: false

  /prettier@2.8.7:
    resolution: {integrity: sha512-yPngTo3aXUUmyuTjeTUT75txrf+aMh9FiD7q9ZE/i6r0bPb22g4FsE6Y338PQX1bmfy08i9QQCB7/rcUAVntfw==}
    engines: {node: '>=10.13.0'}
    dev: false

  /pug-error@2.0.0:
    resolution: {integrity: sha512-sjiUsi9M4RAGHktC1drQfCr5C5eriu24Lfbt4s+7SykztEOwVZtbFk1RRq0tzLxcMxMYTBR+zMQaG07J/btayQ==}
    dev: false

  /pug-lexer@5.0.1:
    resolution: {integrity: sha512-0I6C62+keXlZPZkOJeVam9aBLVP2EnbeDw3An+k0/QlqdwH6rv8284nko14Na7c0TtqtogfWXcRoFE4O4Ff20w==}
    dependencies:
      character-parser: 2.2.0
      is-expression: 4.0.0
      pug-error: 2.0.0
    dev: false

  /pug-load@3.0.0:
    resolution: {integrity: sha512-OCjTEnhLWZBvS4zni/WUMjH2YSUosnsmjGBB1An7CsKQarYSWQ0GCVyd4eQPMFJqZ8w9xgs01QdiZXKVjk92EQ==}
    dependencies:
      object-assign: 4.1.1
      pug-walk: 2.0.0
    dev: false

  /pug-parser@6.0.0:
    resolution: {integrity: sha512-ukiYM/9cH6Cml+AOl5kETtM9NR3WulyVP2y4HOU45DyMim1IeP/OOiyEWRr6qk5I5klpsBnbuHpwKmTx6WURnw==}
    dependencies:
      pug-error: 2.0.0
      token-stream: 1.0.0
    dev: false

  /pug-walk@2.0.0:
    resolution: {integrity: sha512-yYELe9Q5q9IQhuvqsZNwA5hfPkMJ8u92bQLIMcsMxf/VADjNtEYptU+inlufAFYcWdHlwNfZOEnOOQrZrcyJCQ==}
    dev: false

  /to-fast-properties@2.0.0:
    resolution: {integrity: sha512-/OaKK0xYrs3DmxRYqL/yDc+FxFUVYhDlXMhRmv3z915w2HF1tnN1omB354j8VUGO/hbRzyD6Y3sA7v7GS/ceog==}
    engines: {node: '>=4'}
    dev: false

  /token-stream@1.0.0:
    resolution: {integrity: sha512-VSsyNPPW74RpHwR8Fc21uubwHY7wMDeJLys2IX5zJNih+OnAnaifKHo+1LHT7DAdloQ7apeaaWg8l7qnf/TnEg==}
    dev: false

  /universalify@2.0.0:
    resolution: {integrity: sha512-hAZsKq7Yy11Zu1DE0OzWjw7nnLZmJZYTDZZyEFHZdUhV8FkH5MCfoU1XMaxXovpyW5nq5scPqq0ZDP9Zyl04oQ==}
    engines: {node: '>= 10.0.0'}
    dev: false
